// !$*UTF8*$!
{
	archiveVersion = 1;
	classes = {
	};
	objectVersion = 56;
	objects = {

/* Begin PBXBuildFile section */
		A4216EFC2A672DE30093FB68 /* FileManager-DocumentsDirectory.swift in Sources */ = {isa = PBXBuildFile; fileRef = A4216EFB2A672DE30093FB68 /* FileManager-DocumentsDirectory.swift */; };
		A47FBA882A671DEA004D24E2 /* DiceRollerApp.swift in Sources */ = {isa = PBXBuildFile; fileRef = A47FBA872A671DEA004D24E2 /* DiceRollerApp.swift */; };
		A47FBA8A2A671DEA004D24E2 /* ContentView.swift in Sources */ = {isa = PBXBuildFile; fileRef = A47FBA892A671DEA004D24E2 /* ContentView.swift */; };
		A47FBA8C2A671DEB004D24E2 /* Assets.xcassets in Resources */ = {isa = PBXBuildFile; fileRef = A47FBA8B2A671DEB004D24E2 /* Assets.xcassets */; };
		A47FBA8F2A671DEB004D24E2 /* Preview Assets.xcassets in Resources */ = {isa = PBXBuildFile; fileRef = A47FBA8E2A671DEB004D24E2 /* Preview Assets.xcassets */; };
		A47FBA962A6723F7004D24E2 /* Roll.swift in Sources */ = {isa = PBXBuildFile; fileRef = A47FBA952A6723F7004D24E2 /* Roll.swift */; };
		A48CFE7D2A67368800FAC1D0 /* ContentView-ViewModel.swift in Sources */ = {isa = PBXBuildFile; fileRef = A48CFE7C2A67368800FAC1D0 /* ContentView-ViewModel.swift */; };
		A48CFE7F2A67372000FAC1D0 /* ChangeDiceView.swift in Sources */ = {isa = PBXBuildFile; fileRef = A48CFE7E2A67372000FAC1D0 /* ChangeDiceView.swift */; };
		A48CFE812A67373B00FAC1D0 /* ChangeDiceView-ViewModel.swift in Sources */ = {isa = PBXBuildFile; fileRef = A48CFE802A67373B00FAC1D0 /* ChangeDiceView-ViewModel.swift */; };
		A48CFE852A674A4D00FAC1D0 /* ResultsView.swift in Sources */ = {isa = PBXBuildFile; fileRef = A48CFE842A674A4D00FAC1D0 /* ResultsView.swift */; };
		A48CFE872A674AE000FAC1D0 /* ResultsView-ViewModel.swift in Sources */ = {isa = PBXBuildFile; fileRef = A48CFE862A674AE000FAC1D0 /* ResultsView-ViewModel.swift */; };
/* End PBXBuildFile section */

/* Begin PBXFileReference section */
		A4216EFB2A672DE30093FB68 /* FileManager-DocumentsDirectory.swift */ = {isa = PBXFileReference; lastKnownFileType = sourcecode.swift; path = "FileManager-DocumentsDirectory.swift"; sourceTree = "<group>"; };
		A47FBA842A671DEA004D24E2 /* DiceRoller.app */ = {isa = PBXFileReference; explicitFileType = wrapper.application; includeInIndex = 0; path = DiceRoller.app; sourceTree = BUILT_PRODUCTS_DIR; };
		A47FBA872A671DEA004D24E2 /* DiceRollerApp.swift */ = {isa = PBXFileReference; lastKnownFileType = sourcecode.swift; path = DiceRollerApp.swift; sourceTree = "<group>"; };
		A47FBA892A671DEA004D24E2 /* ContentView.swift */ = {isa = PBXFileReference; lastKnownFileType = sourcecode.swift; path = ContentView.swift; sourceTree = "<group>"; };
		A47FBA8B2A671DEB004D24E2 /* Assets.xcassets */ = {isa = PBXFileReference; lastKnownFileType = folder.assetcatalog; path = Assets.xcassets; sourceTree = "<group>"; };
		A47FBA8E2A671DEB004D24E2 /* Preview Assets.xcassets */ = {isa = PBXFileReference; lastKnownFileType = folder.assetcatalog; path = "Preview Assets.xcassets"; sourceTree = "<group>"; };
		A47FBA952A6723F7004D24E2 /* Roll.swift */ = {isa = PBXFileReference; lastKnownFileType = sourcecode.swift; path = Roll.swift; sourceTree = "<group>"; };
		A48CFE7C2A67368800FAC1D0 /* ContentView-ViewModel.swift */ = {isa = PBXFileReference; lastKnownFileType = sourcecode.swift; path = "ContentView-ViewModel.swift"; sourceTree = "<group>"; };
		A48CFE7E2A67372000FAC1D0 /* ChangeDiceView.swift */ = {isa = PBXFileReference; lastKnownFileType = sourcecode.swift; path = ChangeDiceView.swift; sourceTree = "<group>"; };
		A48CFE802A67373B00FAC1D0 /* ChangeDiceView-ViewModel.swift */ = {isa = PBXFileReference; lastKnownFileType = sourcecode.swift; path = "ChangeDiceView-ViewModel.swift"; sourceTree = "<group>"; };
		A48CFE842A674A4D00FAC1D0 /* ResultsView.swift */ = {isa = PBXFileReference; lastKnownFileType = sourcecode.swift; path = ResultsView.swift; sourceTree = "<group>"; };
		A48CFE862A674AE000FAC1D0 /* ResultsView-ViewModel.swift */ = {isa = PBXFileReference; lastKnownFileType = sourcecode.swift; path = "ResultsView-ViewModel.swift"; sourceTree = "<group>"; };
/* End PBXFileReference section */

/* Begin PBXFrameworksBuildPhase section */
		A47FBA812A671DEA004D24E2 /* Frameworks */ = {
			isa = PBXFrameworksBuildPhase;
			buildActionMask = 2147483647;
			files = (
			);
			runOnlyForDeploymentPostprocessing = 0;
		};
/* End PBXFrameworksBuildPhase section */

/* Begin PBXGroup section */
		A47FBA7B2A671DEA004D24E2 = {
			isa = PBXGroup;
			children = (
				A47FBA862A671DEA004D24E2 /* DiceRoller */,
				A47FBA852A671DEA004D24E2 /* Products */,
			);
			sourceTree = "<group>";
		};
		A47FBA852A671DEA004D24E2 /* Products */ = {
			isa = PBXGroup;
			children = (
				A47FBA842A671DEA004D24E2 /* DiceRoller.app */,
			);
			name = Products;
			sourceTree = "<group>";
		};
		A47FBA862A671DEA004D24E2 /* DiceRoller */ = {
			isa = PBXGroup;
			children = (
				A47FBA872A671DEA004D24E2 /* DiceRollerApp.swift */,
				A48CFE8A2A674BC100FAC1D0 /* View */,
				A48CFE892A674BB800FAC1D0 /* ViewModel */,
				A48CFE8B2A674BCC00FAC1D0 /* Model */,
				A48CFE882A674BAC00FAC1D0 /* Helpers */,
				A47FBA8B2A671DEB004D24E2 /* Assets.xcassets */,
				A47FBA8D2A671DEB004D24E2 /* Preview Content */,
			);
			path = DiceRoller;
			sourceTree = "<group>";
		};
		A47FBA8D2A671DEB004D24E2 /* Preview Content */ = {
			isa = PBXGroup;
			children = (
				A47FBA8E2A671DEB004D24E2 /* Preview Assets.xcassets */,
			);
			path = "Preview Content";
			sourceTree = "<group>";
		};
		A48CFE882A674BAC00FAC1D0 /* Helpers */ = {
			isa = PBXGroup;
			children = (
				A4216EFB2A672DE30093FB68 /* FileManager-DocumentsDirectory.swift */,
			);
			path = Helpers;
			sourceTree = "<group>";
		};
		A48CFE892A674BB800FAC1D0 /* ViewModel */ = {
			isa = PBXGroup;
			children = (
				A48CFE862A674AE000FAC1D0 /* ResultsView-ViewModel.swift */,
				A48CFE802A67373B00FAC1D0 /* ChangeDiceView-ViewModel.swift */,
				A48CFE7C2A67368800FAC1D0 /* ContentView-ViewModel.swift */,
			);
			path = ViewModel;
			sourceTree = "<group>";
		};
		A48CFE8A2A674BC100FAC1D0 /* View */ = {
			isa = PBXGroup;
			children = (
				A47FBA892A671DEA004D24E2 /* ContentView.swift */,
				A48CFE842A674A4D00FAC1D0 /* ResultsView.swift */,
				A48CFE7E2A67372000FAC1D0 /* ChangeDiceView.swift */,
			);
			path = View;
			sourceTree = "<group>";
		};
		A48CFE8B2A674BCC00FAC1D0 /* Model */ = {
			isa = PBXGroup;
			children = (
				A47FBA952A6723F7004D24E2 /* Roll.swift */,
			);
			path = Model;
			sourceTree = "<group>";
		};
/* End PBXGroup section */

/* Begin PBXNativeTarget section */
		A47FBA832A671DEA004D24E2 /* DiceRoller */ = {
			isa = PBXNativeTarget;
			buildConfigurationList = A47FBA922A671DEB004D24E2 /* Build configuration list for PBXNativeTarget "DiceRoller" */;
			buildPhases = (
				A47FBA802A671DEA004D24E2 /* Sources */,
				A47FBA812A671DEA004D24E2 /* Frameworks */,
				A47FBA822A671DEA004D24E2 /* Resources */,
			);
			buildRules = (
			);
			dependencies = (
			);
			name = DiceRoller;
			productName = DiceRoller;
			productReference = A47FBA842A671DEA004D24E2 /* DiceRoller.app */;
			productType = "com.apple.product-type.application";
		};
/* End PBXNativeTarget section */

/* Begin PBXProject section */
		A47FBA7C2A671DEA004D24E2 /* Project object */ = {
			isa = PBXProject;
			attributes = {
				BuildIndependentTargetsInParallel = 1;
				LastSwiftUpdateCheck = 1430;
				LastUpgradeCheck = 1430;
				TargetAttributes = {
					A47FBA832A671DEA004D24E2 = {
						CreatedOnToolsVersion = 14.3.1;
					};
				};
			};
			buildConfigurationList = A47FBA7F2A671DEA004D24E2 /* Build configuration list for PBXProject "DiceRoller" */;
			compatibilityVersion = "Xcode 14.0";
			developmentRegion = en;
			hasScannedForEncodings = 0;
			knownRegions = (
				en,
				Base,
			);
			mainGroup = A47FBA7B2A671DEA004D24E2;
			productRefGroup = A47FBA852A671DEA004D24E2 /* Products */;
			projectDirPath = "";
			projectRoot = "";
			targets = (
				A47FBA832A671DEA004D24E2 /* DiceRoller */,
			);
		};
/* End PBXProject section */

/* Begin PBXResourcesBuildPhase section */
		A47FBA822A671DEA004D24E2 /* Resources */ = {
			isa = PBXResourcesBuildPhase;
			buildActionMask = 2147483647;
			files = (
				A47FBA8F2A671DEB004D24E2 /* Preview Assets.xcassets in Resources */,
				A47FBA8C2A671DEB004D24E2 /* Assets.xcassets in Resources */,
			);
			runOnlyForDeploymentPostprocessing = 0;
		};
/* End PBXResourcesBuildPhase section */

/* Begin PBXSourcesBuildPhase section */
		A47FBA802A671DEA004D24E2 /* Sources */ = {
			isa = PBXSourcesBuildPhase;
			buildActionMask = 2147483647;
			files = (
				A47FBA8A2A671DEA004D24E2 /* ContentView.swift in Sources */,
				A48CFE852A674A4D00FAC1D0 /* ResultsView.swift in Sources */,
				A48CFE7F2A67372000FAC1D0 /* ChangeDiceView.swift in Sources */,
				A47FBA882A671DEA004D24E2 /* DiceRollerApp.swift in Sources */,
				A48CFE7D2A67368800FAC1D0 /* ContentView-ViewModel.swift in Sources */,
				A48CFE872A674AE000FAC1D0 /* ResultsView-ViewModel.swift in Sources */,
				A48CFE812A67373B00FAC1D0 /* ChangeDiceView-ViewModel.swift in Sources */,
				A4216EFC2A672DE30093FB68 /* FileManager-DocumentsDirectory.swift in Sources */,
				A47FBA962A6723F7004D24E2 /* Roll.swift in Sources */,
			);
			runOnlyForDeploymentPostprocessing = 0;
		};
/* End PBXSourcesBuildPhase section */

/* Begin XCBuildConfiguration section */
		A47FBA902A671DEB004D24E2 /* Debug */ = {
			isa = XCBuildConfiguration;
			buildSettings = {
				ALWAYS_SEARCH_USER_PATHS = NO;
				CLANG_ANALYZER_NONNULL = YES;
				CLANG_ANALYZER_NUMBER_OBJECT_CONVERSION = YES_AGGRESSIVE;
				CLANG_CXX_LANGUAGE_STANDARD = "gnu++20";
				CLANG_ENABLE_MODULES = YES;
				CLANG_ENABLE_OBJC_ARC = YES;
				CLANG_ENABLE_OBJC_WEAK = YES;
				CLANG_WARN_BLOCK_CAPTURE_AUTORELEASING = YES;
				CLANG_WARN_BOOL_CONVERSION = YES;
				CLANG_WARN_COMMA = YES;
				CLANG_WARN_CONSTANT_CONVERSION = YES;
				CLANG_WARN_DEPRECATED_OBJC_IMPLEMENTATIONS = YES;
				CLANG_WARN_DIRECT_OBJC_ISA_USAGE = YES_ERROR;
				CLANG_WARN_DOCUMENTATION_COMMENTS = YES;
				CLANG_WARN_EMPTY_BODY = YES;
				CLANG_WARN_ENUM_CONVERSION = YES;
				CLANG_WARN_INFINITE_RECURSION = YES;
				CLANG_WARN_INT_CONVERSION = YES;
				CLANG_WARN_NON_LITERAL_NULL_CONVERSION = YES;
				CLANG_WARN_OBJC_IMPLICIT_RETAIN_SELF = YES;
				CLANG_WARN_OBJC_LITERAL_CONVERSION = YES;
				CLANG_WARN_OBJC_ROOT_CLASS = YES_ERROR;
				CLANG_WARN_QUOTED_INCLUDE_IN_FRAMEWORK_HEADER = YES;
				CLANG_WARN_RANGE_LOOP_ANALYSIS = YES;
				CLANG_WARN_STRICT_PROTOTYPES = YES;
				CLANG_WARN_SUSPICIOUS_MOVE = YES;
				CLANG_WARN_UNGUARDED_AVAILABILITY = YES_AGGRESSIVE;
				CLANG_WARN_UNREACHABLE_CODE = YES;
				CLANG_WARN__DUPLICATE_METHOD_MATCH = YES;
				COPY_PHASE_STRIP = NO;
				DEBUG_INFORMATION_FORMAT = dwarf;
				ENABLE_STRICT_OBJC_MSGSEND = YES;
				ENABLE_TESTABILITY = YES;
				GCC_C_LANGUAGE_STANDARD = gnu11;
				GCC_DYNAMIC_NO_PIC = NO;
				GCC_NO_COMMON_BLOCKS = YES;
				GCC_OPTIMIZATION_LEVEL = 0;
				GCC_PREPROCESSOR_DEFINITIONS = (
					"DEBUG=1",
					"$(inherited)",
				);
				GCC_WARN_64_TO_32_BIT_CONVERSION = YES;
				GCC_WARN_ABOUT_RETURN_TYPE = YES_ERROR;
				GCC_WARN_UNDECLARED_SELECTOR = YES;
				GCC_WARN_UNINITIALIZED_AUTOS = YES_AGGRESSIVE;
				GCC_WARN_UNUSED_FUNCTION = YES;
				GCC_WARN_UNUSED_VARIABLE = YES;
				IPHONEOS_DEPLOYMENT_TARGET = 16.4;
				MTL_ENABLE_DEBUG_INFO = INCLUDE_SOURCE;
				MTL_FAST_MATH = YES;
				ONLY_ACTIVE_ARCH = YES;
				SDKROOT = iphoneos;
				SWIFT_ACTIVE_COMPILATION_CONDITIONS = DEBUG;
				SWIFT_OPTIMIZATION_LEVEL = "-Onone";
			};
			name = Debug;
		};
		A47FBA912A671DEB004D24E2 /* Release */ = {
			isa = XCBuildConfiguration;
			buildSettings = {
				ALWAYS_SEARCH_USER_PATHS = NO;
				CLANG_ANALYZER_NONNULL = YES;
				CLANG_ANALYZER_NUMBER_OBJECT_CONVERSION = YES_AGGRESSIVE;
				CLANG_CXX_LANGUAGE_STANDARD = "gnu++20";
				CLANG_ENABLE_MODULES = YES;
				CLANG_ENABLE_OBJC_ARC = YES;
				CLANG_ENABLE_OBJC_WEAK = YES;
				CLANG_WARN_BLOCK_CAPTURE_AUTORELEASING = YES;
				CLANG_WARN_BOOL_CONVERSION = YES;
				CLANG_WARN_COMMA = YES;
				CLANG_WARN_CONSTANT_CONVERSION = YES;
				CLANG_WARN_DEPRECATED_OBJC_IMPLEMENTATIONS = YES;
				CLANG_WARN_DIRECT_OBJC_ISA_USAGE = YES_ERROR;
				CLANG_WARN_DOCUMENTATION_COMMENTS = YES;
				CLANG_WARN_EMPTY_BODY = YES;
				CLANG_WARN_ENUM_CONVERSION = YES;
				CLANG_WARN_INFINITE_RECURSION = YES;
				CLANG_WARN_INT_CONVERSION = YES;
				CLANG_WARN_NON_LITERAL_NULL_CONVERSION = YES;
				CLANG_WARN_OBJC_IMPLICIT_RETAIN_SELF = YES;
				CLANG_WARN_OBJC_LITERAL_CONVERSION = YES;
				CLANG_WARN_OBJC_ROOT_CLASS = YES_ERROR;
				CLANG_WARN_QUOTED_INCLUDE_IN_FRAMEWORK_HEADER = YES;
				CLANG_WARN_RANGE_LOOP_ANALYSIS = YES;
				CLANG_WARN_STRICT_PROTOTYPES = YES;
				CLANG_WARN_SUSPICIOUS_MOVE = YES;
				CLANG_WARN_UNGUARDED_AVAILABILITY = YES_AGGRESSIVE;
				CLANG_WARN_UNREACHABLE_CODE = YES;
				CLANG_WARN__DUPLICATE_METHOD_MATCH = YES;
				COPY_PHASE_STRIP = NO;
				DEBUG_INFORMATION_FORMAT = "dwarf-with-dsym";
				ENABLE_NS_ASSERTIONS = NO;
				ENABLE_STRICT_OBJC_MSGSEND = YES;
				GCC_C_LANGUAGE_STANDARD = gnu11;
				GCC_NO_COMMON_BLOCKS = YES;
				GCC_WARN_64_TO_32_BIT_CONVERSION = YES;
				GCC_WARN_ABOUT_RETURN_TYPE = YES_ERROR;
				GCC_WARN_UNDECLARED_SELECTOR = YES;
				GCC_WARN_UNINITIALIZED_AUTOS = YES_AGGRESSIVE;
				GCC_WARN_UNUSED_FUNCTION = YES;
				GCC_WARN_UNUSED_VARIABLE = YES;
				IPHONEOS_DEPLOYMENT_TARGET = 16.4;
				MTL_ENABLE_DEBUG_INFO = NO;
				MTL_FAST_MATH = YES;
				SDKROOT = iphoneos;
				SWIFT_COMPILATION_MODE = wholemodule;
				SWIFT_OPTIMIZATION_LEVEL = "-O";
				VALIDATE_PRODUCT = YES;
			};
			name = Release;
		};
		A47FBA932A671DEB004D24E2 /* Debug */ = {
			isa = XCBuildConfiguration;
			buildSettings = {
				ASSETCATALOG_COMPILER_APPICON_NAME = AppIcon;
				ASSETCATALOG_COMPILER_GLOBAL_ACCENT_COLOR_NAME = AccentColor;
				CODE_SIGN_STYLE = Automatic;
				CURRENT_PROJECT_VERSION = 1;
				DEVELOPMENT_ASSET_PATHS = "\"DiceRoller/Preview Content\"";
				DEVELOPMENT_TEAM = JK7SXFP9R2;
				ENABLE_PREVIEWS = YES;
				GENERATE_INFOPLIST_FILE = YES;
				INFOPLIST_KEY_UIApplicationSceneManifest_Generation = YES;
				INFOPLIST_KEY_UIApplicationSupportsIndirectInputEvents = YES;
				INFOPLIST_KEY_UILaunchScreen_Generation = YES;
				INFOPLIST_KEY_UISupportedInterfaceOrientations_iPad = "UIInterfaceOrientationPortrait UIInterfaceOrientationPortraitUpsideDown UIInterfaceOrientationLandscapeLeft UIInterfaceOrientationLandscapeRight";
				INFOPLIST_KEY_UISupportedInterfaceOrientations_iPhone = "UIInterfaceOrientationPortrait UIInterfaceOrientationLandscapeLeft UIInterfaceOrientationLandscapeRight";
				LD_RUNPATH_SEARCH_PATHS = (
					"$(inherited)",
					"@executable_path/Frameworks",
				);
				MARKETING_VERSION = 1.0;
				PRODUCT_BUNDLE_IDENTIFIER = Uriel.DiceRoller;
				PRODUCT_NAME = "$(TARGET_NAME)";
				SWIFT_EMIT_LOC_STRINGS = YES;
				SWIFT_VERSION = 5.0;
				TARGETED_DEVICE_FAMILY = "1,2";
			};
			name = Debug;
		};
		A47FBA942A671DEB004D24E2 /* Release */ = {
			isa = XCBuildConfiguration;
			buildSettings = {
				ASSETCATALOG_COMPILER_APPICON_NAME = AppIcon;
				ASSETCATALOG_COMPILER_GLOBAL_ACCENT_COLOR_NAME = AccentColor;
				CODE_SIGN_STYLE = Automatic;
				CURRENT_PROJECT_VERSION = 1;
				DEVELOPMENT_ASSET_PATHS = "\"DiceRoller/Preview Content\"";
				DEVELOPMENT_TEAM = JK7SXFP9R2;
				ENABLE_PREVIEWS = YES;
				GENERATE_INFOPLIST_FILE = YES;
				INFOPLIST_KEY_UIApplicationSceneManifest_Generation = YES;
				INFOPLIST_KEY_UIApplicationSupportsIndirectInputEvents = YES;
				INFOPLIST_KEY_UILaunchScreen_Generation = YES;
				INFOPLIST_KEY_UISupportedInterfaceOrientations_iPad = "UIInterfaceOrientationPortrait UIInterfaceOrientationPortraitUpsideDown UIInterfaceOrientationLandscapeLeft UIInterfaceOrientationLandscapeRight";
				INFOPLIST_KEY_UISupportedInterfaceOrientations_iPhone = "UIInterfaceOrientationPortrait UIInterfaceOrientationLandscapeLeft UIInterfaceOrientationLandscapeRight";
				LD_RUNPATH_SEARCH_PATHS = (
					"$(inherited)",
					"@executable_path/Frameworks",
				);
				MARKETING_VERSION = 1.0;
				PRODUCT_BUNDLE_IDENTIFIER = Uriel.DiceRoller;
				PRODUCT_NAME = "$(TARGET_NAME)";
				SWIFT_EMIT_LOC_STRINGS = YES;
				SWIFT_VERSION = 5.0;
				TARGETED_DEVICE_FAMILY = "1,2";
			};
			name = Release;
		};
/* End XCBuildConfiguration section */

/* Begin XCConfigurationList section */
		A47FBA7F2A671DEA004D24E2 /* Build configuration list for PBXProject "DiceRoller" */ = {
			isa = XCConfigurationList;
			buildConfigurations = (
				A47FBA902A671DEB004D24E2 /* Debug */,
				A47FBA912A671DEB004D24E2 /* Release */,
			);
			defaultConfigurationIsVisible = 0;
			defaultConfigurationName = Release;
		};
		A47FBA922A671DEB004D24E2 /* Build configuration list for PBXNativeTarget "DiceRoller" */ = {
			isa = XCConfigurationList;
			buildConfigurations = (
				A47FBA932A671DEB004D24E2 /* Debug */,
				A47FBA942A671DEB004D24E2 /* Release */,
			);
			defaultConfigurationIsVisible = 0;
			defaultConfigurationName = Release;
		};
/* End XCConfigurationList section */
	};
	rootObject = A47FBA7C2A671DEA004D24E2 /* Project object */;
}
